# This file is automatically @generated by pesde.
# It is not intended for manual editing.
format = 2
name = "ghostnaps/rbxasset"
version = "0.1.0"
target = "lune"

[graph."corecii/greentea@0.4.11 lune".pkg_ref]
ref_ty = "pesde"
index_url = "https://github.com/daimond113/pesde-index"

[graph."corecii/greentea_t_standalone@0.4.11 lune"]
direct = ["t", { name = "corecii/greentea_t_standalone", version = "^0.4.11", index = "default" }, "standard"]

[graph."corecii/greentea_t_standalone@0.4.11 lune".dependencies]
GreenTea = ["corecii/greentea@0.4.11 lune", "standard"]

[graph."corecii/greentea_t_standalone@0.4.11 lune".pkg_ref]
ref_ty = "pesde"
index_url = "https://github.com/pesde-pkg/index"

[graph."corecii/greentea_t_standalone@0.4.11 lune".pkg_ref.dependencies]
GreenTea = [{ name = "corecii/greentea", version = "=0.4.11", index = "https://github.com/daimond113/pesde-index" }, "standard"]

[graph."itsfrank/frktest@0.0.2 lune"]
direct = ["frktest", { name = "itsfrank/frktest", version = "^0.0.2", index = "default" }, "standard"]

[graph."itsfrank/frktest@0.0.2 lune".pkg_ref]
ref_ty = "pesde"
index_url = "https://github.com/pesde-pkg/index"
